// !$*UTF8*$!
{
	archiveVersion = 1;
	classes = {
	};
	objectVersion = 46;
	objects = {

/* Begin PBXBuildFile section */
		CD96FC031BDE574500120882 /* AppDelegate.swift in Sources */ = {isa = PBXBuildFile; fileRef = CD96FC021BDE574500120882 /* AppDelegate.swift */; };
		CD96FC051BDE574500120882 /* ViewController.swift in Sources */ = {isa = PBXBuildFile; fileRef = CD96FC041BDE574500120882 /* ViewController.swift */; };
		CD96FC081BDE574500120882 /* Main.storyboard in Resources */ = {isa = PBXBuildFile; fileRef = CD96FC061BDE574500120882 /* Main.storyboard */; };
		CD96FC0A1BDE574500120882 /* Assets.xcassets in Resources */ = {isa = PBXBuildFile; fileRef = CD96FC091BDE574500120882 /* Assets.xcassets */; };
		CD96FC0D1BDE574500120882 /* LaunchScreen.storyboard in Resources */ = {isa = PBXBuildFile; fileRef = CD96FC0B1BDE574500120882 /* LaunchScreen.storyboard */; };
		CD96FC181BDE574500120882 /* MapTests.swift in Sources */ = {isa = PBXBuildFile; fileRef = CD96FC171BDE574500120882 /* MapTests.swift */; };
		CD96FC231BDE574500120882 /* MapUITests.swift in Sources */ = {isa = PBXBuildFile; fileRef = CD96FC221BDE574500120882 /* MapUITests.swift */; };
		CD96FC311BDE596400120882 /* MapOptionsVoewController.swift in Sources */ = {isa = PBXBuildFile; fileRef = CD96FC301BDE596400120882 /* MapOptionsVoewController.swift */; };
		CD96FC331BDE5EDA00120882 /* PPCircle.swift in Sources */ = {isa = PBXBuildFile; fileRef = CD96FC321BDE5EDA00120882 /* PPCircle.swift */; };
		CD96FC351BDE61D400120882 /* MagicMountain.plist in Resources */ = {isa = PBXBuildFile; fileRef = CD96FC341BDE61D400120882 /* MagicMountain.plist */; };
		CD96FC371BDF61CA00120882 /* q2olcuxex_nonamed.gpx in Resources */ = {isa = PBXBuildFile; fileRef = CD96FC361BDF61C900120882 /* q2olcuxex_nonamed.gpx */; };
		CD96FC391BDF681B00120882 /* AttractionAnnotation.swift in Sources */ = {isa = PBXBuildFile; fileRef = CD96FC381BDF681B00120882 /* AttractionAnnotation.swift */; };
		CD96FC3B1BDF6A7700120882 /* AttractionAnnotationView.swift in Sources */ = {isa = PBXBuildFile; fileRef = CD96FC3A1BDF6A7700120882 /* AttractionAnnotationView.swift */; };
/* End PBXBuildFile section */

/* Begin PBXContainerItemProxy section */
		CD96FC141BDE574500120882 /* PBXContainerItemProxy */ = {
			isa = PBXContainerItemProxy;
			containerPortal = CD96FBF71BDE574500120882 /* Project object */;
			proxyType = 1;
			remoteGlobalIDString = CD96FBFE1BDE574500120882;
			remoteInfo = Map;
		};
		CD96FC1F1BDE574500120882 /* PBXContainerItemProxy */ = {
			isa = PBXContainerItemProxy;
			containerPortal = CD96FBF71BDE574500120882 /* Project object */;
			proxyType = 1;
			remoteGlobalIDString = CD96FBFE1BDE574500120882;
			remoteInfo = Map;
		};
/* End PBXContainerItemProxy section */

/* Begin PBXFileReference section */
		CD96FBFF1BDE574500120882 /* Map.app */ = {isa = PBXFileReference; explicitFileType = wrapper.application; includeInIndex = 0; path = Map.app; sourceTree = BUILT_PRODUCTS_DIR; };
		CD96FC021BDE574500120882 /* AppDelegate.swift */ = {isa = PBXFileReference; lastKnownFileType = sourcecode.swift; path = AppDelegate.swift; sourceTree = "<group>"; };
		CD96FC041BDE574500120882 /* ViewController.swift */ = {isa = PBXFileReference; lastKnownFileType = sourcecode.swift; path = ViewController.swift; sourceTree = "<group>"; };
		CD96FC071BDE574500120882 /* Base */ = {isa = PBXFileReference; lastKnownFileType = file.storyboard; name = Base; path = Base.lproj/Main.storyboard; sourceTree = "<group>"; };
		CD96FC091BDE574500120882 /* Assets.xcassets */ = {isa = PBXFileReference; lastKnownFileType = folder.assetcatalog; path = Assets.xcassets; sourceTree = "<group>"; };
		CD96FC0C1BDE574500120882 /* Base */ = {isa = PBXFileReference; lastKnownFileType = file.storyboard; name = Base; path = Base.lproj/LaunchScreen.storyboard; sourceTree = "<group>"; };
		CD96FC0E1BDE574500120882 /* Info.plist */ = {isa = PBXFileReference; lastKnownFileType = text.plist.xml; path = Info.plist; sourceTree = "<group>"; };
		CD96FC131BDE574500120882 /* MapTests.xctest */ = {isa = PBXFileReference; explicitFileType = wrapper.cfbundle; includeInIndex = 0; path = MapTests.xctest; sourceTree = BUILT_PRODUCTS_DIR; };
		CD96FC171BDE574500120882 /* MapTests.swift */ = {isa = PBXFileReference; lastKnownFileType = sourcecode.swift; path = MapTests.swift; sourceTree = "<group>"; };
		CD96FC191BDE574500120882 /* Info.plist */ = {isa = PBXFileReference; lastKnownFileType = text.plist.xml; path = Info.plist; sourceTree = "<group>"; };
		CD96FC1E1BDE574500120882 /* MapUITests.xctest */ = {isa = PBXFileReference; explicitFileType = wrapper.cfbundle; includeInIndex = 0; path = MapUITests.xctest; sourceTree = BUILT_PRODUCTS_DIR; };
		CD96FC221BDE574500120882 /* MapUITests.swift */ = {isa = PBXFileReference; lastKnownFileType = sourcecode.swift; path = MapUITests.swift; sourceTree = "<group>"; };
		CD96FC241BDE574500120882 /* Info.plist */ = {isa = PBXFileReference; lastKnownFileType = text.plist.xml; path = Info.plist; sourceTree = "<group>"; };
		CD96FC301BDE596400120882 /* MapOptionsVoewController.swift */ = {isa = PBXFileReference; fileEncoding = 4; lastKnownFileType = sourcecode.swift; path = MapOptionsVoewController.swift; sourceTree = "<group>"; };
		CD96FC321BDE5EDA00120882 /* PPCircle.swift */ = {isa = PBXFileReference; fileEncoding = 4; lastKnownFileType = sourcecode.swift; path = PPCircle.swift; sourceTree = "<group>"; };
		CD96FC341BDE61D400120882 /* MagicMountain.plist */ = {isa = PBXFileReference; fileEncoding = 4; lastKnownFileType = text.plist.xml; path = MagicMountain.plist; sourceTree = "<group>"; };
		CD96FC361BDF61C900120882 /* q2olcuxex_nonamed.gpx */ = {isa = PBXFileReference; fileEncoding = 4; lastKnownFileType = text.xml; path = q2olcuxex_nonamed.gpx; sourceTree = "<group>"; };
		CD96FC381BDF681B00120882 /* AttractionAnnotation.swift */ = {isa = PBXFileReference; fileEncoding = 4; lastKnownFileType = sourcecode.swift; path = AttractionAnnotation.swift; sourceTree = "<group>"; };
		CD96FC3A1BDF6A7700120882 /* AttractionAnnotationView.swift */ = {isa = PBXFileReference; fileEncoding = 4; lastKnownFileType = sourcecode.swift; path = AttractionAnnotationView.swift; sourceTree = "<group>"; };
/* End PBXFileReference section */

/* Begin PBXFrameworksBuildPhase section */
		CD96FBFC1BDE574500120882 /* Frameworks */ = {
			isa = PBXFrameworksBuildPhase;
			buildActionMask = 2147483647;
			files = (
			);
			runOnlyForDeploymentPostprocessing = 0;
		};
		CD96FC101BDE574500120882 /* Frameworks */ = {
			isa = PBXFrameworksBuildPhase;
			buildActionMask = 2147483647;
			files = (
			);
			runOnlyForDeploymentPostprocessing = 0;
		};
		CD96FC1B1BDE574500120882 /* Frameworks */ = {
			isa = PBXFrameworksBuildPhase;
			buildActionMask = 2147483647;
			files = (
			);
			runOnlyForDeploymentPostprocessing = 0;
		};
/* End PBXFrameworksBuildPhase section */

/* Begin PBXGroup section */
		CD96FBF61BDE574500120882 = {
			isa = PBXGroup;
			children = (
				CD96FC361BDF61C900120882 /* q2olcuxex_nonamed.gpx */,
				CD96FC011BDE574500120882 /* Map */,
				CD96FC161BDE574500120882 /* MapTests */,
				CD96FC211BDE574500120882 /* MapUITests */,
				CD96FC001BDE574500120882 /* Products */,
			);
			sourceTree = "<group>";
		};
		CD96FC001BDE574500120882 /* Products */ = {
			isa = PBXGroup;
			children = (
				CD96FBFF1BDE574500120882 /* Map.app */,
				CD96FC131BDE574500120882 /* MapTests.xctest */,
				CD96FC1E1BDE574500120882 /* MapUITests.xctest */,
			);
			name = Products;
			sourceTree = "<group>";
		};
		CD96FC011BDE574500120882 /* Map */ = {
			isa = PBXGroup;
			children = (
				CD96FC021BDE574500120882 /* AppDelegate.swift */,
				CD96FC041BDE574500120882 /* ViewController.swift */,
				CD96FC061BDE574500120882 /* Main.storyboard */,
				CD96FC321BDE5EDA00120882 /* PPCircle.swift */,
				CD96FC091BDE574500120882 /* Assets.xcassets */,
				CD96FC0B1BDE574500120882 /* LaunchScreen.storyboard */,
				CD96FC0E1BDE574500120882 /* Info.plist */,
				CD96FC301BDE596400120882 /* MapOptionsVoewController.swift */,
				CD96FC341BDE61D400120882 /* MagicMountain.plist */,
				CD96FC381BDF681B00120882 /* AttractionAnnotation.swift */,
				CD96FC3A1BDF6A7700120882 /* AttractionAnnotationView.swift */,
			);
			path = Map;
			sourceTree = "<group>";
		};
		CD96FC161BDE574500120882 /* MapTests */ = {
			isa = PBXGroup;
			children = (
				CD96FC171BDE574500120882 /* MapTests.swift */,
				CD96FC191BDE574500120882 /* Info.plist */,
			);
			path = MapTests;
			sourceTree = "<group>";
		};
		CD96FC211BDE574500120882 /* MapUITests */ = {
			isa = PBXGroup;
			children = (
				CD96FC221BDE574500120882 /* MapUITests.swift */,
				CD96FC241BDE574500120882 /* Info.plist */,
			);
			path = MapUITests;
			sourceTree = "<group>";
		};
/* End PBXGroup section */

/* Begin PBXNativeTarget section */
		CD96FBFE1BDE574500120882 /* Map */ = {
			isa = PBXNativeTarget;
			buildConfigurationList = CD96FC271BDE574500120882 /* Build configuration list for PBXNativeTarget "Map" */;
			buildPhases = (
				CD96FBFB1BDE574500120882 /* Sources */,
				CD96FBFC1BDE574500120882 /* Frameworks */,
				CD96FBFD1BDE574500120882 /* Resources */,
			);
			buildRules = (
			);
			dependencies = (
			);
			name = Map;
			productName = Map;
			productReference = CD96FBFF1BDE574500120882 /* Map.app */;
			productType = "com.apple.product-type.application";
		};
		CD96FC121BDE574500120882 /* MapTests */ = {
			isa = PBXNativeTarget;
			buildConfigurationList = CD96FC2A1BDE574500120882 /* Build configuration list for PBXNativeTarget "MapTests" */;
			buildPhases = (
				CD96FC0F1BDE574500120882 /* Sources */,
				CD96FC101BDE574500120882 /* Frameworks */,
				CD96FC111BDE574500120882 /* Resources */,
			);
			buildRules = (
			);
			dependencies = (
				CD96FC151BDE574500120882 /* PBXTargetDependency */,
			);
			name = MapTests;
			productName = MapTests;
			productReference = CD96FC131BDE574500120882 /* MapTests.xctest */;
			productType = "com.apple.product-type.bundle.unit-test";
		};
		CD96FC1D1BDE574500120882 /* MapUITests */ = {
			isa = PBXNativeTarget;
			buildConfigurationList = CD96FC2D1BDE574500120882 /* Build configuration list for PBXNativeTarget "MapUITests" */;
			buildPhases = (
				CD96FC1A1BDE574500120882 /* Sources */,
				CD96FC1B1BDE574500120882 /* Frameworks */,
				CD96FC1C1BDE574500120882 /* Resources */,
			);
			buildRules = (
			);
			dependencies = (
				CD96FC201BDE574500120882 /* PBXTargetDependency */,
			);
			name = MapUITests;
			productName = MapUITests;
			productReference = CD96FC1E1BDE574500120882 /* MapUITests.xctest */;
			productType = "com.apple.product-type.bundle.ui-testing";
		};
/* End PBXNativeTarget section */

/* Begin PBXProject section */
		CD96FBF71BDE574500120882 /* Project object */ = {
			isa = PBXProject;
			attributes = {
				LastSwiftUpdateCheck = 0710;
				LastUpgradeCheck = 0710;
				ORGANIZATIONNAME = dytdy;
				TargetAttributes = {
					CD96FBFE1BDE574500120882 = {
						CreatedOnToolsVersion = 7.1;
					};
					CD96FC121BDE574500120882 = {
						CreatedOnToolsVersion = 7.1;
						TestTargetID = CD96FBFE1BDE574500120882;
					};
					CD96FC1D1BDE574500120882 = {
						CreatedOnToolsVersion = 7.1;
						TestTargetID = CD96FBFE1BDE574500120882;
					};
				};
			};
			buildConfigurationList = CD96FBFA1BDE574500120882 /* Build configuration list for PBXProject "Map" */;
			compatibilityVersion = "Xcode 3.2";
			developmentRegion = English;
			hasScannedForEncodings = 0;
			knownRegions = (
				en,
				Base,
			);
			mainGroup = CD96FBF61BDE574500120882;
			productRefGroup = CD96FC001BDE574500120882 /* Products */;
			projectDirPath = "";
			projectRoot = "";
			targets = (
				CD96FBFE1BDE574500120882 /* Map */,
				CD96FC121BDE574500120882 /* MapTests */,
				CD96FC1D1BDE574500120882 /* MapUITests */,
			);
		};
/* End PBXProject section */

/* Begin PBXResourcesBuildPhase section */
		CD96FBFD1BDE574500120882 /* Resources */ = {
			isa = PBXResourcesBuildPhase;
			buildActionMask = 2147483647;
			files = (
				CD96FC0D1BDE574500120882 /* LaunchScreen.storyboard in Resources */,
				CD96FC351BDE61D400120882 /* MagicMountain.plist in Resources */,
				CD96FC0A1BDE574500120882 /* Assets.xcassets in Resources */,
				CD96FC371BDF61CA00120882 /* q2olcuxex_nonamed.gpx in Resources */,
				CD96FC081BDE574500120882 /* Main.storyboard in Resources */,
			);
			runOnlyForDeploymentPostprocessing = 0;
		};
		CD96FC111BDE574500120882 /* Resources */ = {
			isa = PBXResourcesBuildPhase;
			buildActionMask = 2147483647;
			files = (
			);
			runOnlyForDeploymentPostprocessing = 0;
		};
		CD96FC1C1BDE574500120882 /* Resources */ = {
			isa = PBXResourcesBuildPhase;
			buildActionMask = 2147483647;
			files = (
			);
			runOnlyForDeploymentPostprocessing = 0;
		};
/* End PBXResourcesBuildPhase section */

/* Begin PBXSourcesBuildPhase section */
		CD96FBFB1BDE574500120882 /* Sources */ = {
			isa = PBXSourcesBuildPhase;
			buildActionMask = 2147483647;
			files = (
				CD96FC311BDE596400120882 /* MapOptionsVoewController.swift in Sources */,
				CD96FC051BDE574500120882 /* ViewController.swift in Sources */,
				CD96FC3B1BDF6A7700120882 /* AttractionAnnotationView.swift in Sources */,
				CD96FC031BDE574500120882 /* AppDelegate.swift in Sources */,
				CD96FC391BDF681B00120882 /* AttractionAnnotation.swift in Sources */,
				CD96FC331BDE5EDA00120882 /* PPCircle.swift in Sources */,
			);
			runOnlyForDeploymentPostprocessing = 0;
		};
		CD96FC0F1BDE574500120882 /* Sources */ = {
			isa = PBXSourcesBuildPhase;
			buildActionMask = 2147483647;
			files = (
				CD96FC181BDE574500120882 /* MapTests.swift in Sources */,
			);
			runOnlyForDeploymentPostprocessing = 0;
		};
		CD96FC1A1BDE574500120882 /* Sources */ = {
			isa = PBXSourcesBuildPhase;
			buildActionMask = 2147483647;
			files = (
				CD96FC231BDE574500120882 /* MapUITests.swift in Sources */,
			);
			runOnlyForDeploymentPostprocessing = 0;
		};
/* End PBXSourcesBuildPhase section */

/* Begin PBXTargetDependency section */
		CD96FC151BDE574500120882 /* PBXTargetDependency */ = {
			isa = PBXTargetDependency;
			target = CD96FBFE1BDE574500120882 /* Map */;
			targetProxy = CD96FC141BDE574500120882 /* PBXContainerItemProxy */;
		};
		CD96FC201BDE574500120882 /* PBXTargetDependency */ = {
			isa = PBXTargetDependency;
			target = CD96FBFE1BDE574500120882 /* Map */;
			targetProxy = CD96FC1F1BDE574500120882 /* PBXContainerItemProxy */;
		};
/* End PBXTargetDependency section */

/* Begin PBXVariantGroup section */
		CD96FC061BDE574500120882 /* Main.storyboard */ = {
			isa = PBXVariantGroup;
			children = (
				CD96FC071BDE574500120882 /* Base */,
			);
			name = Main.storyboard;
			sourceTree = "<group>";
		};
		CD96FC0B1BDE574500120882 /* LaunchScreen.storyboard */ = {
			isa = PBXVariantGroup;
			children = (
				CD96FC0C1BDE574500120882 /* Base */,
			);
			name = LaunchScreen.storyboard;
			sourceTree = "<group>";
		};
/* End PBXVariantGroup section */

/* Begin XCBuildConfiguration section */
		CD96FC251BDE574500120882 /* Debug */ = {
			isa = XCBuildConfiguration;
			buildSettings = {
				ALWAYS_SEARCH_USER_PATHS = NO;
				CLANG_CXX_LANGUAGE_STANDARD = "gnu++0x";
				CLANG_CXX_LIBRARY = "libc++";
				CLANG_ENABLE_MODULES = YES;
				CLANG_ENABLE_OBJC_ARC = YES;
				CLANG_WARN_BOOL_CONVERSION = YES;
				CLANG_WARN_CONSTANT_CONVERSION = YES;
				CLANG_WARN_DIRECT_OBJC_ISA_USAGE = YES_ERROR;
				CLANG_WARN_EMPTY_BODY = YES;
				CLANG_WARN_ENUM_CONVERSION = YES;
				CLANG_WARN_INT_CONVERSION = YES;
				CLANG_WARN_OBJC_ROOT_CLASS = YES_ERROR;
				CLANG_WARN_UNREACHABLE_CODE = YES;
				CLANG_WARN__DUPLICATE_METHOD_MATCH = YES;
				"CODE_SIGN_IDENTITY[sdk=iphoneos*]" = "iPhone Developer";
				COPY_PHASE_STRIP = NO;
				DEBUG_INFORMATION_FORMAT = dwarf;
				ENABLE_STRICT_OBJC_MSGSEND = YES;
				ENABLE_TESTABILITY = YES;
				GCC_C_LANGUAGE_STANDARD = gnu99;
				GCC_DYNAMIC_NO_PIC = NO;
				GCC_NO_COMMON_BLOCKS = YES;
				GCC_OPTIMIZATION_LEVEL = 0;
				GCC_PREPROCESSOR_DEFINITIONS = (
					"DEBUG=1",
					"$(inherited)",
				);
				GCC_WARN_64_TO_32_BIT_CONVERSION = YES;
				GCC_WARN_ABOUT_RETURN_TYPE = YES_ERROR;
				GCC_WARN_UNDECLARED_SELECTOR = YES;
				GCC_WARN_UNINITIALIZED_AUTOS = YES_AGGRESSIVE;
				GCC_WARN_UNUSED_FUNCTION = YES;
				GCC_WARN_UNUSED_VARIABLE = YES;
				IPHONEOS_DEPLOYMENT_TARGET = 9.1;
				MTL_ENABLE_DEBUG_INFO = YES;
				ONLY_ACTIVE_ARCH = YES;
				SDKROOT = iphoneos;
				SWIFT_OPTIMIZATION_LEVEL = "-Onone";
			};
			name = Debug;
		};
		CD96FC261BDE574500120882 /* Release */ = {
			isa = XCBuildConfiguration;
			buildSettings = {
				ALWAYS_SEARCH_USER_PATHS = NO;
				CLANG_CXX_LANGUAGE_STANDARD = "gnu++0x";
				CLANG_CXX_LIBRARY = "libc++";
				CLANG_ENABLE_MODULES = YES;
				CLANG_ENABLE_OBJC_ARC = YES;
				CLANG_WARN_BOOL_CONVERSION = YES;
				CLANG_WARN_CONSTANT_CONVERSION = YES;
				CLANG_WARN_DIRECT_OBJC_ISA_USAGE = YES_ERROR;
				CLANG_WARN_EMPTY_BODY = YES;
				CLANG_WARN_ENUM_CONVERSION = YES;
				CLANG_WARN_INT_CONVERSION = YES;
				CLANG_WARN_OBJC_ROOT_CLASS = YES_ERROR;
				CLANG_WARN_UNREACHABLE_CODE = YES;
				CLANG_WARN__DUPLICATE_METHOD_MATCH = YES;
				"CODE_SIGN_IDENTITY[sdk=iphoneos*]" = "iPhone Developer";
				COPY_PHASE_STRIP = NO;
				DEBUG_INFORMATION_FORMAT = "dwarf-with-dsym";
				ENABLE_NS_ASSERTIONS = NO;
				ENABLE_STRICT_OBJC_MSGSEND = YES;
				GCC_C_LANGUAGE_STANDARD = gnu99;
				GCC_NO_COMMON_BLOCKS = YES;
				GCC_WARN_64_TO_32_BIT_CONVERSION = YES;
				GCC_WARN_ABOUT_RETURN_TYPE = YES_ERROR;
				GCC_WARN_UNDECLARED_SELECTOR = YES;
				GCC_WARN_UNINITIALIZED_AUTOS = YES_AGGRESSIVE;
				GCC_WARN_UNUSED_FUNCTION = YES;
				GCC_WARN_UNUSED_VARIABLE = YES;
				IPHONEOS_DEPLOYMENT_TARGET = 9.1;
				MTL_ENABLE_DEBUG_INFO = NO;
				SDKROOT = iphoneos;
				VALIDATE_PRODUCT = YES;
			};
			name = Release;
		};
		CD96FC281BDE574500120882 /* Debug */ = {
			isa = XCBuildConfiguration;
			buildSettings = {
				ASSETCATALOG_COMPILER_APPICON_NAME = AppIcon;
				INFOPLIST_FILE = Map/Info.plist;
				LD_RUNPATH_SEARCH_PATHS = "$(inherited) @executable_path/Frameworks";
				PRODUCT_BUNDLE_IDENTIFIER = kr.ac.ssu.Map;
				PRODUCT_NAME = "$(TARGET_NAME)";
			};
			name = Debug;
		};
		CD96FC291BDE574500120882 /* Release */ = {
			isa = XCBuildConfiguration;
			buildSettings = {
				ASSETCATALOG_COMPILER_APPICON_NAME = AppIcon;
				INFOPLIST_FILE = Map/Info.plist;
				LD_RUNPATH_SEARCH_PATHS = "$(inherited) @executable_path/Frameworks";
				PRODUCT_BUNDLE_IDENTIFIER = kr.ac.ssu.Map;
				PRODUCT_NAME = "$(TARGET_NAME)";
			};
			name = Release;
		};
		CD96FC2B1BDE574500120882 /* Debug */ = {
			isa = XCBuildConfiguration;
			buildSettings = {
				BUNDLE_LOADER = "$(TEST_HOST)";
				INFOPLIST_FILE = MapTests/Info.plist;
				LD_RUNPATH_SEARCH_PATHS = "$(inherited) @executable_path/Frameworks @loader_path/Frameworks";
				PRODUCT_BUNDLE_IDENTIFIER = kr.ac.ssu.MapTests;
				PRODUCT_NAME = "$(TARGET_NAME)";
				TEST_HOST = "$(BUILT_PRODUCTS_DIR)/Map.app/Map";
			};
			name = Debug;
		};
		CD96FC2C1BDE574500120882 /* Release */ = {
			isa = XCBuildConfiguration;
			buildSettings = {
				BUNDLE_LOADER = "$(TEST_HOST)";
				INFOPLIST_FILE = MapTests/Info.plist;
				LD_RUNPATH_SEARCH_PATHS = "$(inherited) @executable_path/Frameworks @loader_path/Frameworks";
				PRODUCT_BUNDLE_IDENTIFIER = kr.ac.ssu.MapTests;
				PRODUCT_NAME = "$(TARGET_NAME)";
				TEST_HOST = "$(BUILT_PRODUCTS_DIR)/Map.app/Map";
			};
			name = Release;
		};
		CD96FC2E1BDE574500120882 /* Debug */ = {
			isa = XCBuildConfiguration;
			buildSettings = {
				INFOPLIST_FILE = MapUITests/Info.plist;
				LD_RUNPATH_SEARCH_PATHS = "$(inherited) @executable_path/Frameworks @loader_path/Frameworks";
				PRODUCT_BUNDLE_IDENTIFIER = kr.ac.ssu.MapUITests;
				PRODUCT_NAME = "$(TARGET_NAME)";
				TEST_TARGET_NAME = Map;
				USES_XCTRUNNER = YES;
			};
			name = Debug;
		};
		CD96FC2F1BDE574500120882 /* Release */ = {
			isa = XCBuildConfiguration;
			buildSettings = {
				INFOPLIST_FILE = MapUITests/Info.plist;
				LD_RUNPATH_SEARCH_PATHS = "$(inherited) @executable_path/Frameworks @loader_path/Frameworks";
				PRODUCT_BUNDLE_IDENTIFIER = kr.ac.ssu.MapUITests;
				PRODUCT_NAME = "$(TARGET_NAME)";
				TEST_TARGET_NAME = Map;
				USES_XCTRUNNER = YES;
			};
			name = Release;
		};
/* End XCBuildConfiguration section */

/* Begin XCConfigurationList section */
		CD96FBFA1BDE574500120882 /* Build configuration list for PBXProject "Map" */ = {
			isa = XCConfigurationList;
			buildConfigurations = (
				CD96FC251BDE574500120882 /* Debug */,
				CD96FC261BDE574500120882 /* Release */,
			);
			defaultConfigurationIsVisible = 0;
			defaultConfigurationName = Release;
		};
		CD96FC271BDE574500120882 /* Build configuration list for PBXNativeTarget "Map" */ = {
			isa = XCConfigurationList;
			buildConfigurations = (
				CD96FC281BDE574500120882 /* Debug */,
				CD96FC291BDE574500120882 /* Release */,
			);
			defaultConfigurationIsVisible = 0;
		};
		CD96FC2A1BDE574500120882 /* Build configuration list for PBXNativeTarget "MapTests" */ = {
			isa = XCConfigurationList;
			buildConfigurations = (
				CD96FC2B1BDE574500120882 /* Debug */,
				CD96FC2C1BDE574500120882 /* Release */,
			);
			defaultConfigurationIsVisible = 0;
		};
		CD96FC2D1BDE574500120882 /* Build configuration list for PBXNativeTarget "MapUITests" */ = {
			isa = XCConfigurationList;
			buildConfigurations = (
				CD96FC2E1BDE574500120882 /* Debug */,
				CD96FC2F1BDE574500120882 /* Release */,
			);
			defaultConfigurationIsVisible = 0;
		};
/* End XCConfigurationList section */
	};
	rootObject = CD96FBF71BDE574500120882 /* Project object */;
}
